// !$*UTF8*$!
{
	archiveVersion = 1;
	classes = {
	};
	objectVersion = 56;
	objects = {

/* Begin PBXBuildFile section */
		01C500A42BD6DD6800AE789D /* NutriTrackApp.swift in Sources */ = {isa = PBXBuildFile; fileRef = 01C500A32BD6DD6800AE789D /* NutriTrackApp.swift */; };
		01C500A62BD6DD6800AE789D /* ContentView.swift in Sources */ = {isa = PBXBuildFile; fileRef = 01C500A52BD6DD6800AE789D /* ContentView.swift */; };
		01C500A82BD6DD6900AE789D /* Assets.xcassets in Resources */ = {isa = PBXBuildFile; fileRef = 01C500A72BD6DD6900AE789D /* Assets.xcassets */; };
		01C500AB2BD6DD6900AE789D /* Preview Assets.xcassets in Resources */ = {isa = PBXBuildFile; fileRef = 01C500AA2BD6DD6900AE789D /* Preview Assets.xcassets */; };
		01C500B92BDB1EAB00AE789D /* LoginView.swift in Sources */ = {isa = PBXBuildFile; fileRef = 01C500B82BDB1EAB00AE789D /* LoginView.swift */; };
		01C500BB2BDB2DEC00AE789D /* SignupView.swift in Sources */ = {isa = PBXBuildFile; fileRef = 01C500BA2BDB2DEC00AE789D /* SignupView.swift */; };
		01C500C52BDC3F0800AE789D /* HeartRateView.swift in Sources */ = {isa = PBXBuildFile; fileRef = 01C500C42BDC3F0800AE789D /* HeartRateView.swift */; };
		01C500C72BDC3FB700AE789D /* HeadingView.swift in Sources */ = {isa = PBXBuildFile; fileRef = 01C500C62BDC3FB700AE789D /* HeadingView.swift */; };
		01C500CB2BDC585000AE789D /* CalorieCircleView.swift in Sources */ = {isa = PBXBuildFile; fileRef = 01C500CA2BDC585000AE789D /* CalorieCircleView.swift */; };
		01C500CD2BDC587000AE789D /* SleepCircleView.swift in Sources */ = {isa = PBXBuildFile; fileRef = 01C500CC2BDC587000AE789D /* SleepCircleView.swift */; };
		01D6AEA82BDC666600915033 /* StepsView.swift in Sources */ = {isa = PBXBuildFile; fileRef = 01D6AEA72BDC666600915033 /* StepsView.swift */; };
		01D6AEAA2BDC6C0600915033 /* Tab.swift in Sources */ = {isa = PBXBuildFile; fileRef = 01D6AEA92BDC6C0600915033 /* Tab.swift */; };
		01D6AEAF2BDC750700915033 /* HomeView.swift in Sources */ = {isa = PBXBuildFile; fileRef = 01D6AEAE2BDC750700915033 /* HomeView.swift */; };
		01D6AEB12BDC755300915033 /* HealthOverview.swift in Sources */ = {isa = PBXBuildFile; fileRef = 01D6AEB02BDC755300915033 /* HealthOverview.swift */; };
		01D6AEB32BDC776C00915033 /* FoodView.swift in Sources */ = {isa = PBXBuildFile; fileRef = 01D6AEB22BDC776C00915033 /* FoodView.swift */; };
		01D6AEB52BDC778400915033 /* WaterView.swift in Sources */ = {isa = PBXBuildFile; fileRef = 01D6AEB42BDC778400915033 /* WaterView.swift */; };
		01D6AEB72BDC779000915033 /* ProfileView.swift in Sources */ = {isa = PBXBuildFile; fileRef = 01D6AEB62BDC779000915033 /* ProfileView.swift */; };
		01D6AEB92BDC8A4700915033 /* AuthManager.swift in Sources */ = {isa = PBXBuildFile; fileRef = 01D6AEB82BDC8A4700915033 /* AuthManager.swift */; };
		01D6AEBB2BDC8AD000915033 /* GoogleService-Info.plist in Resources */ = {isa = PBXBuildFile; fileRef = 01D6AEBA2BDC8AD000915033 /* GoogleService-Info.plist */; };
		01D6AEBE2BDC8B2200915033 /* FirebaseAuth in Frameworks */ = {isa = PBXBuildFile; productRef = 01D6AEBD2BDC8B2200915033 /* FirebaseAuth */; };
		01D6AEC02BDC8B2200915033 /* FirebaseFirestore in Frameworks */ = {isa = PBXBuildFile; productRef = 01D6AEBF2BDC8B2200915033 /* FirebaseFirestore */; };
		01D6AEC22BDC8B2200915033 /* FirebaseFirestoreSwift in Frameworks */ = {isa = PBXBuildFile; productRef = 01D6AEC12BDC8B2200915033 /* FirebaseFirestoreSwift */; };
		01D6AEC42BDC8B2200915033 /* FirebaseStorage in Frameworks */ = {isa = PBXBuildFile; productRef = 01D6AEC32BDC8B2200915033 /* FirebaseStorage */; };
/* End PBXBuildFile section */

/* Begin PBXFileReference section */
		01C500A02BD6DD6800AE789D /* NutriTrack.app */ = {isa = PBXFileReference; explicitFileType = wrapper.application; includeInIndex = 0; path = NutriTrack.app; sourceTree = BUILT_PRODUCTS_DIR; };
		01C500A32BD6DD6800AE789D /* NutriTrackApp.swift */ = {isa = PBXFileReference; lastKnownFileType = sourcecode.swift; path = NutriTrackApp.swift; sourceTree = "<group>"; };
		01C500A52BD6DD6800AE789D /* ContentView.swift */ = {isa = PBXFileReference; lastKnownFileType = sourcecode.swift; path = ContentView.swift; sourceTree = "<group>"; };
		01C500A72BD6DD6900AE789D /* Assets.xcassets */ = {isa = PBXFileReference; lastKnownFileType = folder.assetcatalog; path = Assets.xcassets; sourceTree = "<group>"; };
		01C500AA2BD6DD6900AE789D /* Preview Assets.xcassets */ = {isa = PBXFileReference; lastKnownFileType = folder.assetcatalog; path = "Preview Assets.xcassets"; sourceTree = "<group>"; };
		01C500B82BDB1EAB00AE789D /* LoginView.swift */ = {isa = PBXFileReference; lastKnownFileType = sourcecode.swift; path = LoginView.swift; sourceTree = "<group>"; };
		01C500BA2BDB2DEC00AE789D /* SignupView.swift */ = {isa = PBXFileReference; lastKnownFileType = sourcecode.swift; path = SignupView.swift; sourceTree = "<group>"; };
		01C500BE2BDC22A000AE789D /* NutriTrack.entitlements */ = {isa = PBXFileReference; lastKnownFileType = text.plist.entitlements; path = NutriTrack.entitlements; sourceTree = "<group>"; };
		01C500C42BDC3F0800AE789D /* HeartRateView.swift */ = {isa = PBXFileReference; lastKnownFileType = sourcecode.swift; path = HeartRateView.swift; sourceTree = "<group>"; };
		01C500C62BDC3FB700AE789D /* HeadingView.swift */ = {isa = PBXFileReference; lastKnownFileType = sourcecode.swift; path = HeadingView.swift; sourceTree = "<group>"; };
		01C500CA2BDC585000AE789D /* CalorieCircleView.swift */ = {isa = PBXFileReference; lastKnownFileType = sourcecode.swift; path = CalorieCircleView.swift; sourceTree = "<group>"; };
		01C500CC2BDC587000AE789D /* SleepCircleView.swift */ = {isa = PBXFileReference; lastKnownFileType = sourcecode.swift; path = SleepCircleView.swift; sourceTree = "<group>"; };
		01D6AEA72BDC666600915033 /* StepsView.swift */ = {isa = PBXFileReference; lastKnownFileType = sourcecode.swift; path = StepsView.swift; sourceTree = "<group>"; };
		01D6AEA92BDC6C0600915033 /* Tab.swift */ = {isa = PBXFileReference; lastKnownFileType = sourcecode.swift; path = Tab.swift; sourceTree = "<group>"; };
		01D6AEAE2BDC750700915033 /* HomeView.swift */ = {isa = PBXFileReference; lastKnownFileType = sourcecode.swift; path = HomeView.swift; sourceTree = "<group>"; };
		01D6AEB02BDC755300915033 /* HealthOverview.swift */ = {isa = PBXFileReference; lastKnownFileType = sourcecode.swift; path = HealthOverview.swift; sourceTree = "<group>"; };
		01D6AEB22BDC776C00915033 /* FoodView.swift */ = {isa = PBXFileReference; lastKnownFileType = sourcecode.swift; path = FoodView.swift; sourceTree = "<group>"; };
		01D6AEB42BDC778400915033 /* WaterView.swift */ = {isa = PBXFileReference; lastKnownFileType = sourcecode.swift; path = WaterView.swift; sourceTree = "<group>"; };
		01D6AEB62BDC779000915033 /* ProfileView.swift */ = {isa = PBXFileReference; lastKnownFileType = sourcecode.swift; path = ProfileView.swift; sourceTree = "<group>"; };
		01D6AEB82BDC8A4700915033 /* AuthManager.swift */ = {isa = PBXFileReference; lastKnownFileType = sourcecode.swift; path = AuthManager.swift; sourceTree = "<group>"; };
		01D6AEBA2BDC8AD000915033 /* GoogleService-Info.plist */ = {isa = PBXFileReference; fileEncoding = 4; lastKnownFileType = text.plist.xml; path = "GoogleService-Info.plist"; sourceTree = "<group>"; };
/* End PBXFileReference section */

/* Begin PBXFrameworksBuildPhase section */
		01C5009D2BD6DD6800AE789D /* Frameworks */ = {
			isa = PBXFrameworksBuildPhase;
			buildActionMask = 2147483647;
			files = (
				01D6AEBE2BDC8B2200915033 /* FirebaseAuth in Frameworks */,
				01D6AEC42BDC8B2200915033 /* FirebaseStorage in Frameworks */,
				01D6AEC02BDC8B2200915033 /* FirebaseFirestore in Frameworks */,
				01D6AEC22BDC8B2200915033 /* FirebaseFirestoreSwift in Frameworks */,
			);
			runOnlyForDeploymentPostprocessing = 0;
		};
/* End PBXFrameworksBuildPhase section */

/* Begin PBXGroup section */
		01C500972BD6DD6800AE789D = {
			isa = PBXGroup;
			children = (
				01C500A22BD6DD6800AE789D /* NutriTrack */,
				01C500A12BD6DD6800AE789D /* Products */,
			);
			sourceTree = "<group>";
		};
		01C500A12BD6DD6800AE789D /* Products */ = {
			isa = PBXGroup;
			children = (
				01C500A02BD6DD6800AE789D /* NutriTrack.app */,
			);
			name = Products;
			sourceTree = "<group>";
		};
		01C500A22BD6DD6800AE789D /* NutriTrack */ = {
			isa = PBXGroup;
			children = (
				01C500A32BD6DD6800AE789D /* NutriTrackApp.swift */,
				01C500BE2BDC22A000AE789D /* NutriTrack.entitlements */,
				01C500A52BD6DD6800AE789D /* ContentView.swift */,
				01C500B72BDB1E9B00AE789D /* Authentication */,
				01D6AEAB2BDC6D6700915033 /* Views */,
				01C500C32BDC3EEC00AE789D /* Health Tabs */,
				01C500A72BD6DD6900AE789D /* Assets.xcassets */,
				01C500A92BD6DD6900AE789D /* Preview Content */,
				01D6AEA92BDC6C0600915033 /* Tab.swift */,
				01D6AEBA2BDC8AD000915033 /* GoogleService-Info.plist */,
			);
			path = NutriTrack;
			sourceTree = "<group>";
		};
		01C500A92BD6DD6900AE789D /* Preview Content */ = {
			isa = PBXGroup;
			children = (
				01C500AA2BD6DD6900AE789D /* Preview Assets.xcassets */,
			);
			path = "Preview Content";
			sourceTree = "<group>";
		};
		01C500B72BDB1E9B00AE789D /* Authentication */ = {
			isa = PBXGroup;
			children = (
				01C500B82BDB1EAB00AE789D /* LoginView.swift */,
				01C500BA2BDB2DEC00AE789D /* SignupView.swift */,
				01D6AEB82BDC8A4700915033 /* AuthManager.swift */,
			);
			path = Authentication;
			sourceTree = "<group>";
		};
		01C500C32BDC3EEC00AE789D /* Health Tabs */ = {
			isa = PBXGroup;
			children = (
				01C500C62BDC3FB700AE789D /* HeadingView.swift */,
				01C500C42BDC3F0800AE789D /* HeartRateView.swift */,
				01C500CA2BDC585000AE789D /* CalorieCircleView.swift */,
				01C500CC2BDC587000AE789D /* SleepCircleView.swift */,
				01D6AEA72BDC666600915033 /* StepsView.swift */,
			);
			path = "Health Tabs";
			sourceTree = "<group>";
		};
		01D6AEAB2BDC6D6700915033 /* Views */ = {
			isa = PBXGroup;
			children = (
				01D6AEAE2BDC750700915033 /* HomeView.swift */,
				01D6AEB02BDC755300915033 /* HealthOverview.swift */,
				01D6AEB22BDC776C00915033 /* FoodView.swift */,
				01D6AEB42BDC778400915033 /* WaterView.swift */,
				01D6AEB62BDC779000915033 /* ProfileView.swift */,
			);
			path = Views;
			sourceTree = "<group>";
		};
/* End PBXGroup section */

/* Begin PBXNativeTarget section */
		01C5009F2BD6DD6800AE789D /* NutriTrack */ = {
			isa = PBXNativeTarget;
			buildConfigurationList = 01C500AE2BD6DD6900AE789D /* Build configuration list for PBXNativeTarget "NutriTrack" */;
			buildPhases = (
				01C5009C2BD6DD6800AE789D /* Sources */,
				01C5009D2BD6DD6800AE789D /* Frameworks */,
				01C5009E2BD6DD6800AE789D /* Resources */,
			);
			buildRules = (
			);
			dependencies = (
			);
			name = NutriTrack;
			packageProductDependencies = (
				01D6AEBD2BDC8B2200915033 /* FirebaseAuth */,
				01D6AEBF2BDC8B2200915033 /* FirebaseFirestore */,
				01D6AEC12BDC8B2200915033 /* FirebaseFirestoreSwift */,
				01D6AEC32BDC8B2200915033 /* FirebaseStorage */,
			);
			productName = NutriTrack;
			productReference = 01C500A02BD6DD6800AE789D /* NutriTrack.app */;
			productType = "com.apple.product-type.application";
		};
/* End PBXNativeTarget section */

/* Begin PBXProject section */
		01C500982BD6DD6800AE789D /* Project object */ = {
			isa = PBXProject;
			attributes = {
				BuildIndependentTargetsInParallel = 1;
				LastSwiftUpdateCheck = 1530;
				LastUpgradeCheck = 1530;
				TargetAttributes = {
					01C5009F2BD6DD6800AE789D = {
						CreatedOnToolsVersion = 15.3;
					};
				};
			};
			buildConfigurationList = 01C5009B2BD6DD6800AE789D /* Build configuration list for PBXProject "NutriTrack" */;
			compatibilityVersion = "Xcode 14.0";
			developmentRegion = en;
			hasScannedForEncodings = 0;
			knownRegions = (
				en,
				Base,
			);
			mainGroup = 01C500972BD6DD6800AE789D;
			packageReferences = (
				01D6AEBC2BDC8B2200915033 /* XCRemoteSwiftPackageReference "firebase-ios-sdk" */,
			);
			productRefGroup = 01C500A12BD6DD6800AE789D /* Products */;
			projectDirPath = "";
			projectRoot = "";
			targets = (
				01C5009F2BD6DD6800AE789D /* NutriTrack */,
			);
		};
/* End PBXProject section */

/* Begin PBXResourcesBuildPhase section */
		01C5009E2BD6DD6800AE789D /* Resources */ = {
			isa = PBXResourcesBuildPhase;
			buildActionMask = 2147483647;
			files = (
				01C500AB2BD6DD6900AE789D /* Preview Assets.xcassets in Resources */,
				01C500A82BD6DD6900AE789D /* Assets.xcassets in Resources */,
				01D6AEBB2BDC8AD000915033 /* GoogleService-Info.plist in Resources */,
			);
			runOnlyForDeploymentPostprocessing = 0;
		};
/* End PBXResourcesBuildPhase section */

/* Begin PBXSourcesBuildPhase section */
		01C5009C2BD6DD6800AE789D /* Sources */ = {
			isa = PBXSourcesBuildPhase;
			buildActionMask = 2147483647;
			files = (
				01D6AEB32BDC776C00915033 /* FoodView.swift in Sources */,
				01C500CD2BDC587000AE789D /* SleepCircleView.swift in Sources */,
				01C500CB2BDC585000AE789D /* CalorieCircleView.swift in Sources */,
				01C500BB2BDB2DEC00AE789D /* SignupView.swift in Sources */,
				01D6AEB52BDC778400915033 /* WaterView.swift in Sources */,
				01D6AEAA2BDC6C0600915033 /* Tab.swift in Sources */,
				01D6AEB12BDC755300915033 /* HealthOverview.swift in Sources */,
				01D6AEB72BDC779000915033 /* ProfileView.swift in Sources */,
				01C500B92BDB1EAB00AE789D /* LoginView.swift in Sources */,
				01D6AEB92BDC8A4700915033 /* AuthManager.swift in Sources */,
				01C500A62BD6DD6800AE789D /* ContentView.swift in Sources */,
				01C500C72BDC3FB700AE789D /* HeadingView.swift in Sources */,
				01D6AEA82BDC666600915033 /* StepsView.swift in Sources */,
				01D6AEAF2BDC750700915033 /* HomeView.swift in Sources */,
				01C500C52BDC3F0800AE789D /* HeartRateView.swift in Sources */,
				01C500A42BD6DD6800AE789D /* NutriTrackApp.swift in Sources */,
			);
			runOnlyForDeploymentPostprocessing = 0;
		};
/* End PBXSourcesBuildPhase section */

/* Begin XCBuildConfiguration section */
		01C500AC2BD6DD6900AE789D /* Debug */ = {
			isa = XCBuildConfiguration;
			buildSettings = {
				ALWAYS_SEARCH_USER_PATHS = NO;
				ASSETCATALOG_COMPILER_GENERATE_SWIFT_ASSET_SYMBOL_EXTENSIONS = YES;
				CLANG_ANALYZER_NONNULL = YES;
				CLANG_ANALYZER_NUMBER_OBJECT_CONVERSION = YES_AGGRESSIVE;
				CLANG_CXX_LANGUAGE_STANDARD = "gnu++20";
				CLANG_ENABLE_MODULES = YES;
				CLANG_ENABLE_OBJC_ARC = YES;
				CLANG_ENABLE_OBJC_WEAK = YES;
				CLANG_WARN_BLOCK_CAPTURE_AUTORELEASING = YES;
				CLANG_WARN_BOOL_CONVERSION = YES;
				CLANG_WARN_COMMA = YES;
				CLANG_WARN_CONSTANT_CONVERSION = YES;
				CLANG_WARN_DEPRECATED_OBJC_IMPLEMENTATIONS = YES;
				CLANG_WARN_DIRECT_OBJC_ISA_USAGE = YES_ERROR;
				CLANG_WARN_DOCUMENTATION_COMMENTS = YES;
				CLANG_WARN_EMPTY_BODY = YES;
				CLANG_WARN_ENUM_CONVERSION = YES;
				CLANG_WARN_INFINITE_RECURSION = YES;
				CLANG_WARN_INT_CONVERSION = YES;
				CLANG_WARN_NON_LITERAL_NULL_CONVERSION = YES;
				CLANG_WARN_OBJC_IMPLICIT_RETAIN_SELF = YES;
				CLANG_WARN_OBJC_LITERAL_CONVERSION = YES;
				CLANG_WARN_OBJC_ROOT_CLASS = YES_ERROR;
				CLANG_WARN_QUOTED_INCLUDE_IN_FRAMEWORK_HEADER = YES;
				CLANG_WARN_RANGE_LOOP_ANALYSIS = YES;
				CLANG_WARN_STRICT_PROTOTYPES = YES;
				CLANG_WARN_SUSPICIOUS_MOVE = YES;
				CLANG_WARN_UNGUARDED_AVAILABILITY = YES_AGGRESSIVE;
				CLANG_WARN_UNREACHABLE_CODE = YES;
				CLANG_WARN__DUPLICATE_METHOD_MATCH = YES;
				COPY_PHASE_STRIP = NO;
				DEBUG_INFORMATION_FORMAT = dwarf;
				ENABLE_STRICT_OBJC_MSGSEND = YES;
				ENABLE_TESTABILITY = YES;
				ENABLE_USER_SCRIPT_SANDBOXING = YES;
				GCC_C_LANGUAGE_STANDARD = gnu17;
				GCC_DYNAMIC_NO_PIC = NO;
				GCC_NO_COMMON_BLOCKS = YES;
				GCC_OPTIMIZATION_LEVEL = 0;
				GCC_PREPROCESSOR_DEFINITIONS = (
					"DEBUG=1",
					"$(inherited)",
				);
				GCC_WARN_64_TO_32_BIT_CONVERSION = YES;
				GCC_WARN_ABOUT_RETURN_TYPE = YES_ERROR;
				GCC_WARN_UNDECLARED_SELECTOR = YES;
				GCC_WARN_UNINITIALIZED_AUTOS = YES_AGGRESSIVE;
				GCC_WARN_UNUSED_FUNCTION = YES;
				GCC_WARN_UNUSED_VARIABLE = YES;
				IPHONEOS_DEPLOYMENT_TARGET = 17.4;
				LOCALIZATION_PREFERS_STRING_CATALOGS = YES;
				MTL_ENABLE_DEBUG_INFO = INCLUDE_SOURCE;
				MTL_FAST_MATH = YES;
				ONLY_ACTIVE_ARCH = YES;
				SDKROOT = iphoneos;
				SWIFT_ACTIVE_COMPILATION_CONDITIONS = "DEBUG $(inherited)";
				SWIFT_OPTIMIZATION_LEVEL = "-Onone";
			};
			name = Debug;
		};
		01C500AD2BD6DD6900AE789D /* Release */ = {
			isa = XCBuildConfiguration;
			buildSettings = {
				ALWAYS_SEARCH_USER_PATHS = NO;
				ASSETCATALOG_COMPILER_GENERATE_SWIFT_ASSET_SYMBOL_EXTENSIONS = YES;
				CLANG_ANALYZER_NONNULL = YES;
				CLANG_ANALYZER_NUMBER_OBJECT_CONVERSION = YES_AGGRESSIVE;
				CLANG_CXX_LANGUAGE_STANDARD = "gnu++20";
				CLANG_ENABLE_MODULES = YES;
				CLANG_ENABLE_OBJC_ARC = YES;
				CLANG_ENABLE_OBJC_WEAK = YES;
				CLANG_WARN_BLOCK_CAPTURE_AUTORELEASING = YES;
				CLANG_WARN_BOOL_CONVERSION = YES;
				CLANG_WARN_COMMA = YES;
				CLANG_WARN_CONSTANT_CONVERSION = YES;
				CLANG_WARN_DEPRECATED_OBJC_IMPLEMENTATIONS = YES;
				CLANG_WARN_DIRECT_OBJC_ISA_USAGE = YES_ERROR;
				CLANG_WARN_DOCUMENTATION_COMMENTS = YES;
				CLANG_WARN_EMPTY_BODY = YES;
				CLANG_WARN_ENUM_CONVERSION = YES;
				CLANG_WARN_INFINITE_RECURSION = YES;
				CLANG_WARN_INT_CONVERSION = YES;
				CLANG_WARN_NON_LITERAL_NULL_CONVERSION = YES;
				CLANG_WARN_OBJC_IMPLICIT_RETAIN_SELF = YES;
				CLANG_WARN_OBJC_LITERAL_CONVERSION = YES;
				CLANG_WARN_OBJC_ROOT_CLASS = YES_ERROR;
				CLANG_WARN_QUOTED_INCLUDE_IN_FRAMEWORK_HEADER = YES;
				CLANG_WARN_RANGE_LOOP_ANALYSIS = YES;
				CLANG_WARN_STRICT_PROTOTYPES = YES;
				CLANG_WARN_SUSPICIOUS_MOVE = YES;
				CLANG_WARN_UNGUARDED_AVAILABILITY = YES_AGGRESSIVE;
				CLANG_WARN_UNREACHABLE_CODE = YES;
				CLANG_WARN__DUPLICATE_METHOD_MATCH = YES;
				COPY_PHASE_STRIP = NO;
				DEBUG_INFORMATION_FORMAT = "dwarf-with-dsym";
				ENABLE_NS_ASSERTIONS = NO;
				ENABLE_STRICT_OBJC_MSGSEND = YES;
				ENABLE_USER_SCRIPT_SANDBOXING = YES;
				GCC_C_LANGUAGE_STANDARD = gnu17;
				GCC_NO_COMMON_BLOCKS = YES;
				GCC_WARN_64_TO_32_BIT_CONVERSION = YES;
				GCC_WARN_ABOUT_RETURN_TYPE = YES_ERROR;
				GCC_WARN_UNDECLARED_SELECTOR = YES;
				GCC_WARN_UNINITIALIZED_AUTOS = YES_AGGRESSIVE;
				GCC_WARN_UNUSED_FUNCTION = YES;
				GCC_WARN_UNUSED_VARIABLE = YES;
				IPHONEOS_DEPLOYMENT_TARGET = 17.4;
				LOCALIZATION_PREFERS_STRING_CATALOGS = YES;
				MTL_ENABLE_DEBUG_INFO = NO;
				MTL_FAST_MATH = YES;
				SDKROOT = iphoneos;
				SWIFT_COMPILATION_MODE = wholemodule;
				VALIDATE_PRODUCT = YES;
			};
			name = Release;
		};
		01C500AF2BD6DD6900AE789D /* Debug */ = {
			isa = XCBuildConfiguration;
			buildSettings = {
				ASSETCATALOG_COMPILER_APPICON_NAME = AppIcon;
				ASSETCATALOG_COMPILER_GLOBAL_ACCENT_COLOR_NAME = AccentColor;
				CODE_SIGN_ENTITLEMENTS = NutriTrack/NutriTrack.entitlements;
				CODE_SIGN_STYLE = Automatic;
				CURRENT_PROJECT_VERSION = 1;
				DEVELOPMENT_ASSET_PATHS = "\"NutriTrack/Preview Content\"";
				DEVELOPMENT_TEAM = P3G2F6S93C;
				ENABLE_PREVIEWS = YES;
				GENERATE_INFOPLIST_FILE = YES;
				INFOPLIST_KEY_NSHealthClinicalHealthRecordsShareUsageDescription = "To Display your Health";
				INFOPLIST_KEY_NSHealthShareUsageDescription = "To Display your Health";
				INFOPLIST_KEY_NSHealthUpdateUsageDescription = "To Display your Health";
				INFOPLIST_KEY_UIApplicationSceneManifest_Generation = YES;
				INFOPLIST_KEY_UIApplicationSupportsIndirectInputEvents = YES;
				INFOPLIST_KEY_UILaunchScreen_Generation = YES;
				INFOPLIST_KEY_UISupportedInterfaceOrientations_iPad = "UIInterfaceOrientationPortrait UIInterfaceOrientationPortraitUpsideDown UIInterfaceOrientationLandscapeLeft UIInterfaceOrientationLandscapeRight";
				INFOPLIST_KEY_UISupportedInterfaceOrientations_iPhone = "UIInterfaceOrientationPortrait UIInterfaceOrientationLandscapeLeft UIInterfaceOrientationLandscapeRight";
				IPHONEOS_DEPLOYMENT_TARGET = 17.3;
				LD_RUNPATH_SEARCH_PATHS = (
					"$(inherited)",
					"@executable_path/Frameworks",
				);
				MARKETING_VERSION = 1.0;
				PRODUCT_BUNDLE_IDENTIFIER = Nathan.NutriTrack;
				PRODUCT_NAME = "$(TARGET_NAME)";
				SWIFT_EMIT_LOC_STRINGS = YES;
				SWIFT_VERSION = 5.0;
				TARGETED_DEVICE_FAMILY = "1,2";
			};
			name = Debug;
		};
		01C500B02BD6DD6900AE789D /* Release */ = {
			isa = XCBuildConfiguration;
			buildSettings = {
				ASSETCATALOG_COMPILER_APPICON_NAME = AppIcon;
				ASSETCATALOG_COMPILER_GLOBAL_ACCENT_COLOR_NAME = AccentColor;
				CODE_SIGN_ENTITLEMENTS = NutriTrack/NutriTrack.entitlements;
				CODE_SIGN_STYLE = Automatic;
				CURRENT_PROJECT_VERSION = 1;
				DEVELOPMENT_ASSET_PATHS = "\"NutriTrack/Preview Content\"";
				DEVELOPMENT_TEAM = P3G2F6S93C;
				ENABLE_PREVIEWS = YES;
				GENERATE_INFOPLIST_FILE = YES;
				INFOPLIST_KEY_NSHealthClinicalHealthRecordsShareUsageDescription = "To Display your Health";
				INFOPLIST_KEY_NSHealthShareUsageDescription = "To Display your Health";
				INFOPLIST_KEY_NSHealthUpdateUsageDescription = "To Display your Health";
				INFOPLIST_KEY_UIApplicationSceneManifest_Generation = YES;
				INFOPLIST_KEY_UIApplicationSupportsIndirectInputEvents = YES;
				INFOPLIST_KEY_UILaunchScreen_Generation = YES;
				INFOPLIST_KEY_UISupportedInterfaceOrientations_iPad = "UIInterfaceOrientationPortrait UIInterfaceOrientationPortraitUpsideDown UIInterfaceOrientationLandscapeLeft UIInterfaceOrientationLandscapeRight";
				INFOPLIST_KEY_UISupportedInterfaceOrientations_iPhone = "UIInterfaceOrientationPortrait UIInterfaceOrientationLandscapeLeft UIInterfaceOrientationLandscapeRight";
				IPHONEOS_DEPLOYMENT_TARGET = 17.3;
				LD_RUNPATH_SEARCH_PATHS = (
					"$(inherited)",
					"@executable_path/Frameworks",
				);
				MARKETING_VERSION = 1.0;
				PRODUCT_BUNDLE_IDENTIFIER = Nathan.NutriTrack;
				PRODUCT_NAME = "$(TARGET_NAME)";
				SWIFT_EMIT_LOC_STRINGS = YES;
				SWIFT_VERSION = 5.0;
				TARGETED_DEVICE_FAMILY = "1,2";
			};
			name = Release;
		};
/* End XCBuildConfiguration section */

/* Begin XCConfigurationList section */
		01C5009B2BD6DD6800AE789D /* Build configuration list for PBXProject "NutriTrack" */ = {
			isa = XCConfigurationList;
			buildConfigurations = (
				01C500AC2BD6DD6900AE789D /* Debug */,
				01C500AD2BD6DD6900AE789D /* Release */,
			);
			defaultConfigurationIsVisible = 0;
			defaultConfigurationName = Release;
		};
		01C500AE2BD6DD6900AE789D /* Build configuration list for PBXNativeTarget "NutriTrack" */ = {
			isa = XCConfigurationList;
			buildConfigurations = (
				01C500AF2BD6DD6900AE789D /* Debug */,
				01C500B02BD6DD6900AE789D /* Release */,
			);
			defaultConfigurationIsVisible = 0;
			defaultConfigurationName = Release;
		};
/* End XCConfigurationList section */

/* Begin XCRemoteSwiftPackageReference section */
		01D6AEBC2BDC8B2200915033 /* XCRemoteSwiftPackageReference "firebase-ios-sdk" */ = {
			isa = XCRemoteSwiftPackageReference;
			repositoryURL = "https://github.com/firebase/firebase-ios-sdk.git";
			requirement = {
				kind = upToNextMajorVersion;
				minimumVersion = 10.24.0;
			};
		};
/* End XCRemoteSwiftPackageReference section */

/* Begin XCSwiftPackageProductDependency section */
		01D6AEBD2BDC8B2200915033 /* FirebaseAuth */ = {
			isa = XCSwiftPackageProductDependency;
			package = 01D6AEBC2BDC8B2200915033 /* XCRemoteSwiftPackageReference "firebase-ios-sdk" */;
			productName = FirebaseAuth;
		};
		01D6AEBF2BDC8B2200915033 /* FirebaseFirestore */ = {
			isa = XCSwiftPackageProductDependency;
			package = 01D6AEBC2BDC8B2200915033 /* XCRemoteSwiftPackageReference "firebase-ios-sdk" */;
			productName = FirebaseFirestore;
		};
		01D6AEC12BDC8B2200915033 /* FirebaseFirestoreSwift */ = {
			isa = XCSwiftPackageProductDependency;
			package = 01D6AEBC2BDC8B2200915033 /* XCRemoteSwiftPackageReference "firebase-ios-sdk" */;
			productName = FirebaseFirestoreSwift;
		};
		01D6AEC32BDC8B2200915033 /* FirebaseStorage */ = {
			isa = XCSwiftPackageProductDependency;
			package = 01D6AEBC2BDC8B2200915033 /* XCRemoteSwiftPackageReference "firebase-ios-sdk" */;
			productName = FirebaseStorage;
		};
/* End XCSwiftPackageProductDependency section */
	};
	rootObject = 01C500982BD6DD6800AE789D /* Project object */;
}
